
Microsoft Visual Studio Solution File, Format Version 12.00
# Visual Studio Version 17
VisualStudioVersion = 17.6.33829.357
MinimumVisualStudioVersion = 10.0.40219.1
Project("{FAE04EC0-301F-11D3-BF4B-00C04F79EFBC}") = "tiposDatos", "tiposDatos\tiposDatos.csproj", "{C1100103-F1AD-4419-AC3D-46639D3B805F}"
EndProject
Global
	GlobalSection(SolutionConfigurationPlatforms) = preSolution
		Debug|Any CPU = Debug|Any CPU
		Release|Any CPU = Release|Any CPU
	EndGlobalSection
	GlobalSection(ProjectConfigurationPlatforms) = postSolution
		{C1100103-F1AD-4419-AC3D-46639D3B805F}.Debug|Any CPU.ActiveCfg = Debug|Any CPU
		{C1100103-F1AD-4419-AC3D-46639D3B805F}.Debug|Any CPU.Build.0 = Debug|Any CPU
		{C1100103-F1AD-4419-AC3D-46639D3B805F}.Release|Any CPU.ActiveCfg = Release|Any CPU
		{C1100103-F1AD-4419-AC3D-46639D3B805F}.Release|Any CPU.Build.0 = Release|Any CPU
	EndGlobalSection
	GlobalSection(SolutionProperties) = preSolution
		HideSolutionNode = FALSE
	EndGlobalSection
	GlobalSection(ExtensibilityGlobals) = postSolution
		SolutionGuid = {46F74F89-97AC-483C-9021-9E92B3879B33}
	EndGlobalSection
EndGlobal
